
Microsoft Visual Studio Solution File, Format Version 12.00
# Visual Studio Version 16
VisualStudioVersion = 16.0.30907.101
MinimumVisualStudioVersion = 10.0.40219.1
Project("{FAE04EC0-301F-11D3-BF4B-00C04F79EFBC}") = "DI_Tema5_Ejer3Correcto", "DI_Tema5_Ejer3Correcto\DI_Tema5_Ejer3Correcto.csproj", "{F1609D38-9C1F-4583-B662-A54E7932ACB6}"
EndProject
Global
	GlobalSection(SolutionConfigurationPlatforms) = preSolution
		Debug|Any CPU = Debug|Any CPU
		Release|Any CPU = Release|Any CPU
	EndGlobalSection
	GlobalSection(ProjectConfigurationPlatforms) = postSolution
		{F1609D38-9C1F-4583-B662-A54E7932ACB6}.Debug|Any CPU.ActiveCfg = Debug|Any CPU
		{F1609D38-9C1F-4583-B662-A54E7932ACB6}.Debug|Any CPU.Build.0 = Debug|Any CPU
		{F1609D38-9C1F-4583-B662-A54E7932ACB6}.Release|Any CPU.ActiveCfg = Release|Any CPU
		{F1609D38-9C1F-4583-B662-A54E7932ACB6}.Release|Any CPU.Build.0 = Release|Any CPU
	EndGlobalSection
	GlobalSection(SolutionProperties) = preSolution
		HideSolutionNode = FALSE
	EndGlobalSection
	GlobalSection(ExtensibilityGlobals) = postSolution
		SolutionGuid = {8B916F76-431D-4121-A382-3316B7F7850F}
	EndGlobalSection
EndGlobal
